
Microsoft Visual Studio Solution File, Format Version 12.00
# Visual Studio 2013
VisualStudioVersion = 12.0.30501.0
MinimumVisualStudioVersion = 10.0.40219.1
Project("{8BC9CEB8-8B4A-11D0-8D11-00A0C91BC942}") = "Disparity_map_OpenCV_assignment", "Disparity_map_OpenCV_assignment\Disparity_map_OpenCV_assignment.vcxproj", "{50A55C84-A72C-42E6-9193-4EA1A96EC013}"
EndProject
Global
	GlobalSection(SolutionConfigurationPlatforms) = preSolution
		Debug|Win32 = Debug|Win32
		Release|Win32 = Release|Win32
	EndGlobalSection
	GlobalSection(ProjectConfigurationPlatforms) = postSolution
		{50A55C84-A72C-42E6-9193-4EA1A96EC013}.Debug|Win32.ActiveCfg = Debug|Win32
		{50A55C84-A72C-42E6-9193-4EA1A96EC013}.Debug|Win32.Build.0 = Debug|Win32
		{50A55C84-A72C-42E6-9193-4EA1A96EC013}.Release|Win32.ActiveCfg = Release|Win32
		{50A55C84-A72C-42E6-9193-4EA1A96EC013}.Release|Win32.Build.0 = Release|Win32
	EndGlobalSection
	GlobalSection(SolutionProperties) = preSolution
		HideSolutionNode = FALSE
	EndGlobalSection
EndGlobal
